{
  "name": "servicio-cv",
  "lockfileVersion": 3,
  "requires": true,
  "packages": {
    "": {
      "name": "servicio-cv",
      "dependencies": {
        "pdfjs-serverless": "^1.2.3"
      }
    },
    "node_modules/pdfjs-serverless": {
      "version": "1.2.3",
      "resolved": "https://registry.npmjs.org/pdfjs-serverless/-/pdfjs-serverless-1.2.3.tgz",
      "integrity": "sha512-5jweSI9/2h9le2RSsm4jAOfSYqnWgs11eBZTntkIWUUmMhkWhb01/qgxxNpmx/jZNl5BnoaiwJSOCdNhLOaxSQ==",
      "license": "MIT"
    }
  }
}
